// !$*UTF8*$!
{
	archiveVersion = 1;
	classes = {
	};
	objectVersion = 55;
	objects = {

/* Begin PBXBuildFile section */
		11A4E5C427CD560600DB83FD /* MusicByLocationApp.swift in Sources */ = {isa = PBXBuildFile; fileRef = 11A4E5C327CD560600DB83FD /* MusicByLocationApp.swift */; };
		11A4E5C627CD560600DB83FD /* ContentView.swift in Sources */ = {isa = PBXBuildFile; fileRef = 11A4E5C527CD560600DB83FD /* ContentView.swift */; };
		11A4E5C827CD560900DB83FD /* Assets.xcassets in Resources */ = {isa = PBXBuildFile; fileRef = 11A4E5C727CD560900DB83FD /* Assets.xcassets */; };
		11A4E5CB27CD560900DB83FD /* Preview Assets.xcassets in Resources */ = {isa = PBXBuildFile; fileRef = 11A4E5CA27CD560900DB83FD /* Preview Assets.xcassets */; };
		11A4E5D527CD560A00DB83FD /* MusicByLocationTests.swift in Sources */ = {isa = PBXBuildFile; fileRef = 11A4E5D427CD560A00DB83FD /* MusicByLocationTests.swift */; };
		11A4E5DF27CD560A00DB83FD /* MusicByLocationUITests.swift in Sources */ = {isa = PBXBuildFile; fileRef = 11A4E5DE27CD560A00DB83FD /* MusicByLocationUITests.swift */; };
		11A4E5E127CD560A00DB83FD /* MusicByLocationUITestsLaunchTests.swift in Sources */ = {isa = PBXBuildFile; fileRef = 11A4E5E027CD560A00DB83FD /* MusicByLocationUITestsLaunchTests.swift */; };
		11A4E5EE27CD81CE00DB83FD /* LocationHandler.swift in Sources */ = {isa = PBXBuildFile; fileRef = 11A4E5ED27CD81CE00DB83FD /* LocationHandler.swift */; };
		11A4E5F127CE217100DB83FD /* CLPlacemark.swift in Sources */ = {isa = PBXBuildFile; fileRef = 11A4E5F027CE217100DB83FD /* CLPlacemark.swift */; };
/* End PBXBuildFile section */

/* Begin PBXContainerItemProxy section */
		11A4E5D127CD560A00DB83FD /* PBXContainerItemProxy */ = {
			isa = PBXContainerItemProxy;
			containerPortal = 11A4E5B827CD560600DB83FD /* Project object */;
			proxyType = 1;
			remoteGlobalIDString = 11A4E5BF27CD560600DB83FD;
			remoteInfo = MusicByLocation;
		};
		11A4E5DB27CD560A00DB83FD /* PBXContainerItemProxy */ = {
			isa = PBXContainerItemProxy;
			containerPortal = 11A4E5B827CD560600DB83FD /* Project object */;
			proxyType = 1;
			remoteGlobalIDString = 11A4E5BF27CD560600DB83FD;
			remoteInfo = MusicByLocation;
		};
/* End PBXContainerItemProxy section */

/* Begin PBXFileReference section */
		11A4E5C027CD560600DB83FD /* MusicByLocation.app */ = {isa = PBXFileReference; explicitFileType = wrapper.application; includeInIndex = 0; path = MusicByLocation.app; sourceTree = BUILT_PRODUCTS_DIR; };
		11A4E5C327CD560600DB83FD /* MusicByLocationApp.swift */ = {isa = PBXFileReference; lastKnownFileType = sourcecode.swift; path = MusicByLocationApp.swift; sourceTree = "<group>"; };
		11A4E5C527CD560600DB83FD /* ContentView.swift */ = {isa = PBXFileReference; lastKnownFileType = sourcecode.swift; path = ContentView.swift; sourceTree = "<group>"; };
		11A4E5C727CD560900DB83FD /* Assets.xcassets */ = {isa = PBXFileReference; lastKnownFileType = folder.assetcatalog; path = Assets.xcassets; sourceTree = "<group>"; };
		11A4E5CA27CD560900DB83FD /* Preview Assets.xcassets */ = {isa = PBXFileReference; lastKnownFileType = folder.assetcatalog; path = "Preview Assets.xcassets"; sourceTree = "<group>"; };
		11A4E5D027CD560A00DB83FD /* MusicByLocationTests.xctest */ = {isa = PBXFileReference; explicitFileType = wrapper.cfbundle; includeInIndex = 0; path = MusicByLocationTests.xctest; sourceTree = BUILT_PRODUCTS_DIR; };
		11A4E5D427CD560A00DB83FD /* MusicByLocationTests.swift */ = {isa = PBXFileReference; lastKnownFileType = sourcecode.swift; path = MusicByLocationTests.swift; sourceTree = "<group>"; };
		11A4E5DA27CD560A00DB83FD /* MusicByLocationUITests.xctest */ = {isa = PBXFileReference; explicitFileType = wrapper.cfbundle; includeInIndex = 0; path = MusicByLocationUITests.xctest; sourceTree = BUILT_PRODUCTS_DIR; };
		11A4E5DE27CD560A00DB83FD /* MusicByLocationUITests.swift */ = {isa = PBXFileReference; lastKnownFileType = sourcecode.swift; path = MusicByLocationUITests.swift; sourceTree = "<group>"; };
		11A4E5E027CD560A00DB83FD /* MusicByLocationUITestsLaunchTests.swift */ = {isa = PBXFileReference; lastKnownFileType = sourcecode.swift; path = MusicByLocationUITestsLaunchTests.swift; sourceTree = "<group>"; };
		11A4E5ED27CD81CE00DB83FD /* LocationHandler.swift */ = {isa = PBXFileReference; lastKnownFileType = sourcecode.swift; path = LocationHandler.swift; sourceTree = "<group>"; };
		11A4E5F027CE217100DB83FD /* CLPlacemark.swift */ = {isa = PBXFileReference; lastKnownFileType = sourcecode.swift; path = CLPlacemark.swift; sourceTree = "<group>"; };
/* End PBXFileReference section */

/* Begin PBXFrameworksBuildPhase section */
		11A4E5BD27CD560600DB83FD /* Frameworks */ = {
			isa = PBXFrameworksBuildPhase;
			buildActionMask = 2147483647;
			files = (
			);
			runOnlyForDeploymentPostprocessing = 0;
		};
		11A4E5CD27CD560A00DB83FD /* Frameworks */ = {
			isa = PBXFrameworksBuildPhase;
			buildActionMask = 2147483647;
			files = (
			);
			runOnlyForDeploymentPostprocessing = 0;
		};
		11A4E5D727CD560A00DB83FD /* Frameworks */ = {
			isa = PBXFrameworksBuildPhase;
			buildActionMask = 2147483647;
			files = (
			);
			runOnlyForDeploymentPostprocessing = 0;
		};
/* End PBXFrameworksBuildPhase section */

/* Begin PBXGroup section */
		11A4E5B727CD560600DB83FD = {
			isa = PBXGroup;
			children = (
				11A4E5C227CD560600DB83FD /* MusicByLocation */,
				11A4E5D327CD560A00DB83FD /* MusicByLocationTests */,
				11A4E5DD27CD560A00DB83FD /* MusicByLocationUITests */,
				11A4E5C127CD560600DB83FD /* Products */,
			);
			sourceTree = "<group>";
		};
		11A4E5C127CD560600DB83FD /* Products */ = {
			isa = PBXGroup;
			children = (
				11A4E5C027CD560600DB83FD /* MusicByLocation.app */,
				11A4E5D027CD560A00DB83FD /* MusicByLocationTests.xctest */,
				11A4E5DA27CD560A00DB83FD /* MusicByLocationUITests.xctest */,
			);
			name = Products;
			sourceTree = "<group>";
		};
		11A4E5C227CD560600DB83FD /* MusicByLocation */ = {
			isa = PBXGroup;
			children = (
				11A4E5EF27CE213D00DB83FD /* Extensions */,
				11A4E5C327CD560600DB83FD /* MusicByLocationApp.swift */,
				11A4E5C527CD560600DB83FD /* ContentView.swift */,
				11A4E5C727CD560900DB83FD /* Assets.xcassets */,
				11A4E5C927CD560900DB83FD /* Preview Content */,
				11A4E5ED27CD81CE00DB83FD /* LocationHandler.swift */,
			);
			path = MusicByLocation;
			sourceTree = "<group>";
		};
		11A4E5C927CD560900DB83FD /* Preview Content */ = {
			isa = PBXGroup;
			children = (
				11A4E5CA27CD560900DB83FD /* Preview Assets.xcassets */,
			);
			path = "Preview Content";
			sourceTree = "<group>";
		};
		11A4E5D327CD560A00DB83FD /* MusicByLocationTests */ = {
			isa = PBXGroup;
			children = (
				11A4E5D427CD560A00DB83FD /* MusicByLocationTests.swift */,
			);
			path = MusicByLocationTests;
			sourceTree = "<group>";
		};
		11A4E5DD27CD560A00DB83FD /* MusicByLocationUITests */ = {
			isa = PBXGroup;
			children = (
				11A4E5DE27CD560A00DB83FD /* MusicByLocationUITests.swift */,
				11A4E5E027CD560A00DB83FD /* MusicByLocationUITestsLaunchTests.swift */,
			);
			path = MusicByLocationUITests;
			sourceTree = "<group>";
		};
		11A4E5EF27CE213D00DB83FD /* Extensions */ = {
			isa = PBXGroup;
			children = (
				11A4E5F027CE217100DB83FD /* CLPlacemark.swift */,
			);
			path = Extensions;
			sourceTree = "<group>";
		};
/* End PBXGroup section */

/* Begin PBXNativeTarget section */
		11A4E5BF27CD560600DB83FD /* MusicByLocation */ = {
			isa = PBXNativeTarget;
			buildConfigurationList = 11A4E5E427CD560A00DB83FD /* Build configuration list for PBXNativeTarget "MusicByLocation" */;
			buildPhases = (
				11A4E5BC27CD560600DB83FD /* Sources */,
				11A4E5BD27CD560600DB83FD /* Frameworks */,
				11A4E5BE27CD560600DB83FD /* Resources */,
			);
			buildRules = (
			);
			dependencies = (
			);
			name = MusicByLocation;
			productName = MusicByLocation;
			productReference = 11A4E5C027CD560600DB83FD /* MusicByLocation.app */;
			productType = "com.apple.product-type.application";
		};
		11A4E5CF27CD560A00DB83FD /* MusicByLocationTests */ = {
			isa = PBXNativeTarget;
			buildConfigurationList = 11A4E5E727CD560A00DB83FD /* Build configuration list for PBXNativeTarget "MusicByLocationTests" */;
			buildPhases = (
				11A4E5CC27CD560A00DB83FD /* Sources */,
				11A4E5CD27CD560A00DB83FD /* Frameworks */,
				11A4E5CE27CD560A00DB83FD /* Resources */,
			);
			buildRules = (
			);
			dependencies = (
				11A4E5D227CD560A00DB83FD /* PBXTargetDependency */,
			);
			name = MusicByLocationTests;
			productName = MusicByLocationTests;
			productReference = 11A4E5D027CD560A00DB83FD /* MusicByLocationTests.xctest */;
			productType = "com.apple.product-type.bundle.unit-test";
		};
		11A4E5D927CD560A00DB83FD /* MusicByLocationUITests */ = {
			isa = PBXNativeTarget;
			buildConfigurationList = 11A4E5EA27CD560A00DB83FD /* Build configuration list for PBXNativeTarget "MusicByLocationUITests" */;
			buildPhases = (
				11A4E5D627CD560A00DB83FD /* Sources */,
				11A4E5D727CD560A00DB83FD /* Frameworks */,
				11A4E5D827CD560A00DB83FD /* Resources */,
			);
			buildRules = (
			);
			dependencies = (
				11A4E5DC27CD560A00DB83FD /* PBXTargetDependency */,
			);
			name = MusicByLocationUITests;
			productName = MusicByLocationUITests;
			productReference = 11A4E5DA27CD560A00DB83FD /* MusicByLocationUITests.xctest */;
			productType = "com.apple.product-type.bundle.ui-testing";
		};
/* End PBXNativeTarget section */

/* Begin PBXProject section */
		11A4E5B827CD560600DB83FD /* Project object */ = {
			isa = PBXProject;
			attributes = {
				BuildIndependentTargetsInParallel = 1;
				LastSwiftUpdateCheck = 1320;
				LastUpgradeCheck = 1320;
				TargetAttributes = {
					11A4E5BF27CD560600DB83FD = {
						CreatedOnToolsVersion = 13.2.1;
					};
					11A4E5CF27CD560A00DB83FD = {
						CreatedOnToolsVersion = 13.2.1;
						TestTargetID = 11A4E5BF27CD560600DB83FD;
					};
					11A4E5D927CD560A00DB83FD = {
						CreatedOnToolsVersion = 13.2.1;
						TestTargetID = 11A4E5BF27CD560600DB83FD;
					};
				};
			};
			buildConfigurationList = 11A4E5BB27CD560600DB83FD /* Build configuration list for PBXProject "MusicByLocation" */;
			compatibilityVersion = "Xcode 13.0";
			developmentRegion = en;
			hasScannedForEncodings = 0;
			knownRegions = (
				en,
				Base,
			);
			mainGroup = 11A4E5B727CD560600DB83FD;
			productRefGroup = 11A4E5C127CD560600DB83FD /* Products */;
			projectDirPath = "";
			projectRoot = "";
			targets = (
				11A4E5BF27CD560600DB83FD /* MusicByLocation */,
				11A4E5CF27CD560A00DB83FD /* MusicByLocationTests */,
				11A4E5D927CD560A00DB83FD /* MusicByLocationUITests */,
			);
		};
/* End PBXProject section */

/* Begin PBXResourcesBuildPhase section */
		11A4E5BE27CD560600DB83FD /* Resources */ = {
			isa = PBXResourcesBuildPhase;
			buildActionMask = 2147483647;
			files = (
				11A4E5CB27CD560900DB83FD /* Preview Assets.xcassets in Resources */,
				11A4E5C827CD560900DB83FD /* Assets.xcassets in Resources */,
			);
			runOnlyForDeploymentPostprocessing = 0;
		};
		11A4E5CE27CD560A00DB83FD /* Resources */ = {
			isa = PBXResourcesBuildPhase;
			buildActionMask = 2147483647;
			files = (
			);
			runOnlyForDeploymentPostprocessing = 0;
		};
		11A4E5D827CD560A00DB83FD /* Resources */ = {
			isa = PBXResourcesBuildPhase;
			buildActionMask = 2147483647;
			files = (
			);
			runOnlyForDeploymentPostprocessing = 0;
		};
/* End PBXResourcesBuildPhase section */

/* Begin PBXSourcesBuildPhase section */
		11A4E5BC27CD560600DB83FD /* Sources */ = {
			isa = PBXSourcesBuildPhase;
			buildActionMask = 2147483647;
			files = (
				11A4E5EE27CD81CE00DB83FD /* LocationHandler.swift in Sources */,
				11A4E5C627CD560600DB83FD /* ContentView.swift in Sources */,
				11A4E5C427CD560600DB83FD /* MusicByLocationApp.swift in Sources */,
				11A4E5F127CE217100DB83FD /* CLPlacemark.swift in Sources */,
			);
			runOnlyForDeploymentPostprocessing = 0;
		};
		11A4E5CC27CD560A00DB83FD /* Sources */ = {
			isa = PBXSourcesBuildPhase;
			buildActionMask = 2147483647;
			files = (
				11A4E5D527CD560A00DB83FD /* MusicByLocationTests.swift in Sources */,
			);
			runOnlyForDeploymentPostprocessing = 0;
		};
		11A4E5D627CD560A00DB83FD /* Sources */ = {
			isa = PBXSourcesBuildPhase;
			buildActionMask = 2147483647;
			files = (
				11A4E5E127CD560A00DB83FD /* MusicByLocationUITestsLaunchTests.swift in Sources */,
				11A4E5DF27CD560A00DB83FD /* MusicByLocationUITests.swift in Sources */,
			);
			runOnlyForDeploymentPostprocessing = 0;
		};
/* End PBXSourcesBuildPhase section */

/* Begin PBXTargetDependency section */
		11A4E5D227CD560A00DB83FD /* PBXTargetDependency */ = {
			isa = PBXTargetDependency;
			target = 11A4E5BF27CD560600DB83FD /* MusicByLocation */;
			targetProxy = 11A4E5D127CD560A00DB83FD /* PBXContainerItemProxy */;
		};
		11A4E5DC27CD560A00DB83FD /* PBXTargetDependency */ = {
			isa = PBXTargetDependency;
			target = 11A4E5BF27CD560600DB83FD /* MusicByLocation */;
			targetProxy = 11A4E5DB27CD560A00DB83FD /* PBXContainerItemProxy */;
		};
/* End PBXTargetDependency section */

/* Begin XCBuildConfiguration section */
		11A4E5E227CD560A00DB83FD /* Debug */ = {
			isa = XCBuildConfiguration;
			buildSettings = {
				ALWAYS_SEARCH_USER_PATHS = NO;
				CLANG_ANALYZER_NONNULL = YES;
				CLANG_ANALYZER_NUMBER_OBJECT_CONVERSION = YES_AGGRESSIVE;
				CLANG_CXX_LANGUAGE_STANDARD = "gnu++17";
				CLANG_CXX_LIBRARY = "libc++";
				CLANG_ENABLE_MODULES = YES;
				CLANG_ENABLE_OBJC_ARC = YES;
				CLANG_ENABLE_OBJC_WEAK = YES;
				CLANG_WARN_BLOCK_CAPTURE_AUTORELEASING = YES;
				CLANG_WARN_BOOL_CONVERSION = YES;
				CLANG_WARN_COMMA = YES;
				CLANG_WARN_CONSTANT_CONVERSION = YES;
				CLANG_WARN_DEPRECATED_OBJC_IMPLEMENTATIONS = YES;
				CLANG_WARN_DIRECT_OBJC_ISA_USAGE = YES_ERROR;
				CLANG_WARN_DOCUMENTATION_COMMENTS = YES;
				CLANG_WARN_EMPTY_BODY = YES;
				CLANG_WARN_ENUM_CONVERSION = YES;
				CLANG_WARN_INFINITE_RECURSION = YES;
				CLANG_WARN_INT_CONVERSION = YES;
				CLANG_WARN_NON_LITERAL_NULL_CONVERSION = YES;
				CLANG_WARN_OBJC_IMPLICIT_RETAIN_SELF = YES;
				CLANG_WARN_OBJC_LITERAL_CONVERSION = YES;
				CLANG_WARN_OBJC_ROOT_CLASS = YES_ERROR;
				CLANG_WARN_QUOTED_INCLUDE_IN_FRAMEWORK_HEADER = YES;
				CLANG_WARN_RANGE_LOOP_ANALYSIS = YES;
				CLANG_WARN_STRICT_PROTOTYPES = YES;
				CLANG_WARN_SUSPICIOUS_MOVE = YES;
				CLANG_WARN_UNGUARDED_AVAILABILITY = YES_AGGRESSIVE;
				CLANG_WARN_UNREACHABLE_CODE = YES;
				CLANG_WARN__DUPLICATE_METHOD_MATCH = YES;
				COPY_PHASE_STRIP = NO;
				DEBUG_INFORMATION_FORMAT = dwarf;
				ENABLE_STRICT_OBJC_MSGSEND = YES;
				ENABLE_TESTABILITY = YES;
				GCC_C_LANGUAGE_STANDARD = gnu11;
				GCC_DYNAMIC_NO_PIC = NO;
				GCC_NO_COMMON_BLOCKS = YES;
				GCC_OPTIMIZATION_LEVEL = 0;
				GCC_PREPROCESSOR_DEFINITIONS = (
					"DEBUG=1",
					"$(inherited)",
				);
				GCC_WARN_64_TO_32_BIT_CONVERSION = YES;
				GCC_WARN_ABOUT_RETURN_TYPE = YES_ERROR;
				GCC_WARN_UNDECLARED_SELECTOR = YES;
				GCC_WARN_UNINITIALIZED_AUTOS = YES_AGGRESSIVE;
				GCC_WARN_UNUSED_FUNCTION = YES;
				GCC_WARN_UNUSED_VARIABLE = YES;
				IPHONEOS_DEPLOYMENT_TARGET = 15.2;
				MTL_ENABLE_DEBUG_INFO = INCLUDE_SOURCE;
				MTL_FAST_MATH = YES;
				ONLY_ACTIVE_ARCH = YES;
				SDKROOT = iphoneos;
				SWIFT_ACTIVE_COMPILATION_CONDITIONS = DEBUG;
				SWIFT_OPTIMIZATION_LEVEL = "-Onone";
			};
			name = Debug;
		};
		11A4E5E327CD560A00DB83FD /* Release */ = {
			isa = XCBuildConfiguration;
			buildSettings = {
				ALWAYS_SEARCH_USER_PATHS = NO;
				CLANG_ANALYZER_NONNULL = YES;
				CLANG_ANALYZER_NUMBER_OBJECT_CONVERSION = YES_AGGRESSIVE;
				CLANG_CXX_LANGUAGE_STANDARD = "gnu++17";
				CLANG_CXX_LIBRARY = "libc++";
				CLANG_ENABLE_MODULES = YES;
				CLANG_ENABLE_OBJC_ARC = YES;
				CLANG_ENABLE_OBJC_WEAK = YES;
				CLANG_WARN_BLOCK_CAPTURE_AUTORELEASING = YES;
				CLANG_WARN_BOOL_CONVERSION = YES;
				CLANG_WARN_COMMA = YES;
				CLANG_WARN_CONSTANT_CONVERSION = YES;
				CLANG_WARN_DEPRECATED_OBJC_IMPLEMENTATIONS = YES;
				CLANG_WARN_DIRECT_OBJC_ISA_USAGE = YES_ERROR;
				CLANG_WARN_DOCUMENTATION_COMMENTS = YES;
				CLANG_WARN_EMPTY_BODY = YES;
				CLANG_WARN_ENUM_CONVERSION = YES;
				CLANG_WARN_INFINITE_RECURSION = YES;
				CLANG_WARN_INT_CONVERSION = YES;
				CLANG_WARN_NON_LITERAL_NULL_CONVERSION = YES;
				CLANG_WARN_OBJC_IMPLICIT_RETAIN_SELF = YES;
				CLANG_WARN_OBJC_LITERAL_CONVERSION = YES;
				CLANG_WARN_OBJC_ROOT_CLASS = YES_ERROR;
				CLANG_WARN_QUOTED_INCLUDE_IN_FRAMEWORK_HEADER = YES;
				CLANG_WARN_RANGE_LOOP_ANALYSIS = YES;
				CLANG_WARN_STRICT_PROTOTYPES = YES;
				CLANG_WARN_SUSPICIOUS_MOVE = YES;
				CLANG_WARN_UNGUARDED_AVAILABILITY = YES_AGGRESSIVE;
				CLANG_WARN_UNREACHABLE_CODE = YES;
				CLANG_WARN__DUPLICATE_METHOD_MATCH = YES;
				COPY_PHASE_STRIP = NO;
				DEBUG_INFORMATION_FORMAT = "dwarf-with-dsym";
				ENABLE_NS_ASSERTIONS = NO;
				ENABLE_STRICT_OBJC_MSGSEND = YES;
				GCC_C_LANGUAGE_STANDARD = gnu11;
				GCC_NO_COMMON_BLOCKS = YES;
				GCC_WARN_64_TO_32_BIT_CONVERSION = YES;
				GCC_WARN_ABOUT_RETURN_TYPE = YES_ERROR;
				GCC_WARN_UNDECLARED_SELECTOR = YES;
				GCC_WARN_UNINITIALIZED_AUTOS = YES_AGGRESSIVE;
				GCC_WARN_UNUSED_FUNCTION = YES;
				GCC_WARN_UNUSED_VARIABLE = YES;
				IPHONEOS_DEPLOYMENT_TARGET = 15.2;
				MTL_ENABLE_DEBUG_INFO = NO;
				MTL_FAST_MATH = YES;
				SDKROOT = iphoneos;
				SWIFT_COMPILATION_MODE = wholemodule;
				SWIFT_OPTIMIZATION_LEVEL = "-O";
				VALIDATE_PRODUCT = YES;
			};
			name = Release;
		};
		11A4E5E527CD560A00DB83FD /* Debug */ = {
			isa = XCBuildConfiguration;
			buildSettings = {
				ASSETCATALOG_COMPILER_APPICON_NAME = AppIcon;
				ASSETCATALOG_COMPILER_GLOBAL_ACCENT_COLOR_NAME = AccentColor;
				CODE_SIGN_STYLE = Automatic;
				CURRENT_PROJECT_VERSION = 1;
				DEVELOPMENT_ASSET_PATHS = "\"MusicByLocation/Preview Content\"";
				ENABLE_PREVIEWS = YES;
				GENERATE_INFOPLIST_FILE = YES;
				INFOPLIST_KEY_NSLocationWhenInUseUsageDescription = "This app needs your location to find your favourite tunes";
				INFOPLIST_KEY_UIApplicationSceneManifest_Generation = YES;
				INFOPLIST_KEY_UIApplicationSupportsIndirectInputEvents = YES;
				INFOPLIST_KEY_UILaunchScreen_Generation = YES;
				INFOPLIST_KEY_UISupportedInterfaceOrientations_iPad = "UIInterfaceOrientationPortrait UIInterfaceOrientationPortraitUpsideDown UIInterfaceOrientationLandscapeLeft UIInterfaceOrientationLandscapeRight";
				INFOPLIST_KEY_UISupportedInterfaceOrientations_iPhone = "UIInterfaceOrientationPortrait UIInterfaceOrientationLandscapeLeft UIInterfaceOrientationLandscapeRight";
				LD_RUNPATH_SEARCH_PATHS = (
					"$(inherited)",
					"@executable_path/Frameworks",
				);
				MARKETING_VERSION = 1.0;
				PRODUCT_BUNDLE_IDENTIFIER = com.jinlidavid.MusicByLocation;
				PRODUCT_NAME = "$(TARGET_NAME)";
				SWIFT_EMIT_LOC_STRINGS = YES;
				SWIFT_VERSION = 5.0;
				TARGETED_DEVICE_FAMILY = "1,2";
			};
			name = Debug;
		};
		11A4E5E627CD560A00DB83FD /* Release */ = {
			isa = XCBuildConfiguration;
			buildSettings = {
				ASSETCATALOG_COMPILER_APPICON_NAME = AppIcon;
				ASSETCATALOG_COMPILER_GLOBAL_ACCENT_COLOR_NAME = AccentColor;
				CODE_SIGN_STYLE = Automatic;
				CURRENT_PROJECT_VERSION = 1;
				DEVELOPMENT_ASSET_PATHS = "\"MusicByLocation/Preview Content\"";
				ENABLE_PREVIEWS = YES;
				GENERATE_INFOPLIST_FILE = YES;
				INFOPLIST_KEY_NSLocationWhenInUseUsageDescription = "This app needs your location to find your favourite tunes";
				INFOPLIST_KEY_UIApplicationSceneManifest_Generation = YES;
				INFOPLIST_KEY_UIApplicationSupportsIndirectInputEvents = YES;
				INFOPLIST_KEY_UILaunchScreen_Generation = YES;
				INFOPLIST_KEY_UISupportedInterfaceOrientations_iPad = "UIInterfaceOrientationPortrait UIInterfaceOrientationPortraitUpsideDown UIInterfaceOrientationLandscapeLeft UIInterfaceOrientationLandscapeRight";
				INFOPLIST_KEY_UISupportedInterfaceOrientations_iPhone = "UIInterfaceOrientationPortrait UIInterfaceOrientationLandscapeLeft UIInterfaceOrientationLandscapeRight";
				LD_RUNPATH_SEARCH_PATHS = (
					"$(inherited)",
					"@executable_path/Frameworks",
				);
				MARKETING_VERSION = 1.0;
				PRODUCT_BUNDLE_IDENTIFIER = com.jinlidavid.MusicByLocation;
				PRODUCT_NAME = "$(TARGET_NAME)";
				SWIFT_EMIT_LOC_STRINGS = YES;
				SWIFT_VERSION = 5.0;
				TARGETED_DEVICE_FAMILY = "1,2";
			};
			name = Release;
		};
		11A4E5E827CD560A00DB83FD /* Debug */ = {
			isa = XCBuildConfiguration;
			buildSettings = {
				ALWAYS_EMBED_SWIFT_STANDARD_LIBRARIES = YES;
				BUNDLE_LOADER = "$(TEST_HOST)";
				CODE_SIGN_STYLE = Automatic;
				CURRENT_PROJECT_VERSION = 1;
				GENERATE_INFOPLIST_FILE = YES;
				IPHONEOS_DEPLOYMENT_TARGET = 15.2;
				MARKETING_VERSION = 1.0;
				PRODUCT_BUNDLE_IDENTIFIER = com.jinlidavid.MusicByLocationTests;
				PRODUCT_NAME = "$(TARGET_NAME)";
				SWIFT_EMIT_LOC_STRINGS = NO;
				SWIFT_VERSION = 5.0;
				TARGETED_DEVICE_FAMILY = "1,2";
				TEST_HOST = "$(BUILT_PRODUCTS_DIR)/MusicByLocation.app/MusicByLocation";
			};
			name = Debug;
		};
		11A4E5E927CD560A00DB83FD /* Release */ = {
			isa = XCBuildConfiguration;
			buildSettings = {
				ALWAYS_EMBED_SWIFT_STANDARD_LIBRARIES = YES;
				BUNDLE_LOADER = "$(TEST_HOST)";
				CODE_SIGN_STYLE = Automatic;
				CURRENT_PROJECT_VERSION = 1;
				GENERATE_INFOPLIST_FILE = YES;
				IPHONEOS_DEPLOYMENT_TARGET = 15.2;
				MARKETING_VERSION = 1.0;
				PRODUCT_BUNDLE_IDENTIFIER = com.jinlidavid.MusicByLocationTests;
				PRODUCT_NAME = "$(TARGET_NAME)";
				SWIFT_EMIT_LOC_STRINGS = NO;
				SWIFT_VERSION = 5.0;
				TARGETED_DEVICE_FAMILY = "1,2";
				TEST_HOST = "$(BUILT_PRODUCTS_DIR)/MusicByLocation.app/MusicByLocation";
			};
			name = Release;
		};
		11A4E5EB27CD560A00DB83FD /* Debug */ = {
			isa = XCBuildConfiguration;
			buildSettings = {
				ALWAYS_EMBED_SWIFT_STANDARD_LIBRARIES = YES;
				CODE_SIGN_STYLE = Automatic;
				CURRENT_PROJECT_VERSION = 1;
				GENERATE_INFOPLIST_FILE = YES;
				MARKETING_VERSION = 1.0;
				PRODUCT_BUNDLE_IDENTIFIER = com.jinlidavid.MusicByLocationUITests;
				PRODUCT_NAME = "$(TARGET_NAME)";
				SWIFT_EMIT_LOC_STRINGS = NO;
				SWIFT_VERSION = 5.0;
				TARGETED_DEVICE_FAMILY = "1,2";
				TEST_TARGET_NAME = MusicByLocation;
			};
			name = Debug;
		};
		11A4E5EC27CD560A00DB83FD /* Release */ = {
			isa = XCBuildConfiguration;
			buildSettings = {
				ALWAYS_EMBED_SWIFT_STANDARD_LIBRARIES = YES;
				CODE_SIGN_STYLE = Automatic;
				CURRENT_PROJECT_VERSION = 1;
				GENERATE_INFOPLIST_FILE = YES;
				MARKETING_VERSION = 1.0;
				PRODUCT_BUNDLE_IDENTIFIER = com.jinlidavid.MusicByLocationUITests;
				PRODUCT_NAME = "$(TARGET_NAME)";
				SWIFT_EMIT_LOC_STRINGS = NO;
				SWIFT_VERSION = 5.0;
				TARGETED_DEVICE_FAMILY = "1,2";
				TEST_TARGET_NAME = MusicByLocation;
			};
			name = Release;
		};
/* End XCBuildConfiguration section */

/* Begin XCConfigurationList section */
		11A4E5BB27CD560600DB83FD /* Build configuration list for PBXProject "MusicByLocation" */ = {
			isa = XCConfigurationList;
			buildConfigurations = (
				11A4E5E227CD560A00DB83FD /* Debug */,
				11A4E5E327CD560A00DB83FD /* Release */,
			);
			defaultConfigurationIsVisible = 0;
			defaultConfigurationName = Release;
		};
		11A4E5E427CD560A00DB83FD /* Build configuration list for PBXNativeTarget "MusicByLocation" */ = {
			isa = XCConfigurationList;
			buildConfigurations = (
				11A4E5E527CD560A00DB83FD /* Debug */,
				11A4E5E627CD560A00DB83FD /* Release */,
			);
			defaultConfigurationIsVisible = 0;
			defaultConfigurationName = Release;
		};
		11A4E5E727CD560A00DB83FD /* Build configuration list for PBXNativeTarget "MusicByLocationTests" */ = {
			isa = XCConfigurationList;
			buildConfigurations = (
				11A4E5E827CD560A00DB83FD /* Debug */,
				11A4E5E927CD560A00DB83FD /* Release */,
			);
			defaultConfigurationIsVisible = 0;
			defaultConfigurationName = Release;
		};
		11A4E5EA27CD560A00DB83FD /* Build configuration list for PBXNativeTarget "MusicByLocationUITests" */ = {
			isa = XCConfigurationList;
			buildConfigurations = (
				11A4E5EB27CD560A00DB83FD /* Debug */,
				11A4E5EC27CD560A00DB83FD /* Release */,
			);
			defaultConfigurationIsVisible = 0;
			defaultConfigurationName = Release;
		};
/* End XCConfigurationList section */
	};
	rootObject = 11A4E5B827CD560600DB83FD /* Project object */;
}
